
Microsoft Visual Studio Solution File, Format Version 12.00
# Visual Studio 15
VisualStudioVersion = 15.0.26124.0
MinimumVisualStudioVersion = 15.0.26124.0
Project("{FAE04EC0-301F-11D3-BF4B-00C04F79EFBC}") = "webpoc", "webpoc\webpoc.csproj", "{F1AE50D5-8E6D-4BB0-BF7F-0B3C7E9FD63C}"
EndProject
Project("{FAE04EC0-301F-11D3-BF4B-00C04F79EFBC}") = "webpoctest", "webpoctest\webpoctest.csproj", "{281AE108-D050-446F-BE78-CFBD42BF3E92}"
EndProject
Global
	GlobalSection(SolutionConfigurationPlatforms) = preSolution
		Debug|Any CPU = Debug|Any CPU
		Debug|x64 = Debug|x64
		Debug|x86 = Debug|x86
		Release|Any CPU = Release|Any CPU
		Release|x64 = Release|x64
		Release|x86 = Release|x86
	EndGlobalSection
	GlobalSection(SolutionProperties) = preSolution
		HideSolutionNode = FALSE
	EndGlobalSection
	GlobalSection(ProjectConfigurationPlatforms) = postSolution
		{F1AE50D5-8E6D-4BB0-BF7F-0B3C7E9FD63C}.Debug|Any CPU.ActiveCfg = Debug|Any CPU
		{F1AE50D5-8E6D-4BB0-BF7F-0B3C7E9FD63C}.Debug|Any CPU.Build.0 = Debug|Any CPU
		{F1AE50D5-8E6D-4BB0-BF7F-0B3C7E9FD63C}.Debug|x64.ActiveCfg = Debug|x64
		{F1AE50D5-8E6D-4BB0-BF7F-0B3C7E9FD63C}.Debug|x64.Build.0 = Debug|x64
		{F1AE50D5-8E6D-4BB0-BF7F-0B3C7E9FD63C}.Debug|x86.ActiveCfg = Debug|x86
		{F1AE50D5-8E6D-4BB0-BF7F-0B3C7E9FD63C}.Debug|x86.Build.0 = Debug|x86
		{F1AE50D5-8E6D-4BB0-BF7F-0B3C7E9FD63C}.Release|Any CPU.ActiveCfg = Release|Any CPU
		{F1AE50D5-8E6D-4BB0-BF7F-0B3C7E9FD63C}.Release|Any CPU.Build.0 = Release|Any CPU
		{F1AE50D5-8E6D-4BB0-BF7F-0B3C7E9FD63C}.Release|x64.ActiveCfg = Release|x64
		{F1AE50D5-8E6D-4BB0-BF7F-0B3C7E9FD63C}.Release|x64.Build.0 = Release|x64
		{F1AE50D5-8E6D-4BB0-BF7F-0B3C7E9FD63C}.Release|x86.ActiveCfg = Release|x86
		{F1AE50D5-8E6D-4BB0-BF7F-0B3C7E9FD63C}.Release|x86.Build.0 = Release|x86
		{281AE108-D050-446F-BE78-CFBD42BF3E92}.Debug|Any CPU.ActiveCfg = Debug|Any CPU
		{281AE108-D050-446F-BE78-CFBD42BF3E92}.Debug|Any CPU.Build.0 = Debug|Any CPU
		{281AE108-D050-446F-BE78-CFBD42BF3E92}.Debug|x64.ActiveCfg = Debug|x64
		{281AE108-D050-446F-BE78-CFBD42BF3E92}.Debug|x64.Build.0 = Debug|x64
		{281AE108-D050-446F-BE78-CFBD42BF3E92}.Debug|x86.ActiveCfg = Debug|x86
		{281AE108-D050-446F-BE78-CFBD42BF3E92}.Debug|x86.Build.0 = Debug|x86
		{281AE108-D050-446F-BE78-CFBD42BF3E92}.Release|Any CPU.ActiveCfg = Release|Any CPU
		{281AE108-D050-446F-BE78-CFBD42BF3E92}.Release|Any CPU.Build.0 = Release|Any CPU
		{281AE108-D050-446F-BE78-CFBD42BF3E92}.Release|x64.ActiveCfg = Release|x64
		{281AE108-D050-446F-BE78-CFBD42BF3E92}.Release|x64.Build.0 = Release|x64
		{281AE108-D050-446F-BE78-CFBD42BF3E92}.Release|x86.ActiveCfg = Release|x86
		{281AE108-D050-446F-BE78-CFBD42BF3E92}.Release|x86.Build.0 = Release|x86
	EndGlobalSection
EndGlobal
